# This file was autogenerated by Juvix version 0.6.6.
# Do not edit this file manually.

version: 2
checksum: 132008b9ea359d51bc68bf50639ebc2bec94622f863285cfe5b309f76f942112
dependencies:
- git:
    name: anoma_juvix-stdlib
    ref: 8bc67b874860a26cba02d853b879e9c0a347efe2
    url: https://github.com/anoma/juvix-stdlib
  dependencies: []
