# This file was autogenerated by Juvix version 0.6.8.
# Do not edit this file manually.

version: 2
checksum: 899efe590ee83190f5432a875b2daf11433a160f82ff47265317e98337b6f773
dependencies:
- git:
    name: anoma_juvix-stdlib
    ref: 0080b1183ab55e5180e69bfc3987e4cd6edbc230
    url: https://github.com/anoma/juvix-stdlib
  dependencies: []
