# This file was autogenerated by Juvix version 0.6.7.
# Do not edit this file manually.

version: 2
checksum: aee7ca6999521d60319bcb414911575aab7ff59e369c9c4677da9563a6299942
dependencies:
- git:
    name: anoma_juvix-stdlib
    ref: 0080b1183ab55e5180e69bfc3987e4cd6edbc230
    url: https://github.com/anoma/juvix-stdlib
  dependencies: []
